// !$*UTF8*$!
{
	archiveVersion = 1;
	classes = {
	};
	objectVersion = 56;
	objects = {

/* Begin PBXBuildFile section */
		A10001 /* MMForgeApp.swift in Sources */ = {isa = PBXBuildFile; fileRef = B10001; };
		A10002 /* AppDelegate.swift in Sources */ = {isa = PBXBuildFile; fileRef = B10002; };
		A10003 /* MMForgeDocument.swift in Sources */ = {isa = PBXBuildFile; fileRef = B10003; };
		A10004 /* ContentView.swift in Sources */ = {isa = PBXBuildFile; fileRef = B10004; };
		A10005 /* StructureSidebar.swift in Sources */ = {isa = PBXBuildFile; fileRef = B10005; };
		A10006 /* InspectorPanel.swift in Sources */ = {isa = PBXBuildFile; fileRef = B10006; };
		A10007 /* ViewportContainer.swift in Sources */ = {isa = PBXBuildFile; fileRef = B10007; };
		A10008 /* MetalViewPlaceholder.swift in Sources */ = {isa = PBXBuildFile; fileRef = B10008; };
		A10009 /* RustBridge.swift in Sources */ = {isa = PBXBuildFile; fileRef = B10009; };
		A10010 /* Colors.swift in Sources */ = {isa = PBXBuildFile; fileRef = B10010; };
		A10011 /* MetalRenderer.swift in Sources */ = {isa = PBXBuildFile; fileRef = B10013; };
		A10012 /* Shaders.metal in Sources */ = {isa = PBXBuildFile; fileRef = B10014; };
		A10013 /* Picking.swift in Sources */ = {isa = PBXBuildFile; fileRef = B10016; };
		A10014 /* PickingTests.swift in Sources */ = {isa = PBXBuildFile; fileRef = B10017; };
		A10015 /* SectionFill.swift in Sources */ = {isa = PBXBuildFile; fileRef = B10018; };
		A10016 /* DrawingView.swift in Sources */ = {isa = PBXBuildFile; fileRef = B10019; };
		A10017 /* TransformTests.swift in Sources */ = {isa = PBXBuildFile; fileRef = B10020; };
		A10018 /* Annotation.swift in Sources */ = {isa = PBXBuildFile; fileRef = B10021; };
		A10019 /* AnnotationTests.swift in Sources */ = {isa = PBXBuildFile; fileRef = B10022; };
/* End PBXBuildFile section */

/* Begin PBXFileReference section */
		B10001 /* MMForgeApp.swift */ = {isa = PBXFileReference; lastKnownFileType = sourcecode.swift; path = MMForgeApp.swift; sourceTree = "<group>"; };
		B10002 /* AppDelegate.swift */ = {isa = PBXFileReference; lastKnownFileType = sourcecode.swift; path = AppDelegate.swift; sourceTree = "<group>"; };
		B10003 /* MMForgeDocument.swift */ = {isa = PBXFileReference; lastKnownFileType = sourcecode.swift; path = MMForgeDocument.swift; sourceTree = "<group>"; };
		B10004 /* ContentView.swift */ = {isa = PBXFileReference; lastKnownFileType = sourcecode.swift; path = ContentView.swift; sourceTree = "<group>"; };
		B10005 /* StructureSidebar.swift */ = {isa = PBXFileReference; lastKnownFileType = sourcecode.swift; path = StructureSidebar.swift; sourceTree = "<group>"; };
		B10006 /* InspectorPanel.swift */ = {isa = PBXFileReference; lastKnownFileType = sourcecode.swift; path = InspectorPanel.swift; sourceTree = "<group>"; };
		B10007 /* ViewportContainer.swift */ = {isa = PBXFileReference; lastKnownFileType = sourcecode.swift; path = ViewportContainer.swift; sourceTree = "<group>"; };
		B10008 /* MetalViewPlaceholder.swift */ = {isa = PBXFileReference; lastKnownFileType = sourcecode.swift; path = MetalViewPlaceholder.swift; sourceTree = "<group>"; };
		B10009 /* RustBridge.swift */ = {isa = PBXFileReference; lastKnownFileType = sourcecode.swift; path = RustBridge.swift; sourceTree = "<group>"; };
		B10010 /* Colors.swift */ = {isa = PBXFileReference; lastKnownFileType = sourcecode.swift; path = Colors.swift; sourceTree = "<group>"; };
		B10011 /* Info.plist */ = {isa = PBXFileReference; lastKnownFileType = text.plist.xml; path = Info.plist; sourceTree = "<group>"; };
		B10012 /* MMForge-Bridging-Header.h */ = {isa = PBXFileReference; lastKnownFileType = sourcecode.c.h; path = "MMForge-Bridging-Header.h"; sourceTree = "<group>"; };
		B10013 /* MetalRenderer.swift */ = {isa = PBXFileReference; lastKnownFileType = sourcecode.swift; path = MetalRenderer.swift; sourceTree = "<group>"; };
		B10014 /* Shaders.metal */ = {isa = PBXFileReference; lastKnownFileType = sourcecode.metal; path = Shaders.metal; sourceTree = "<group>"; };
		B10016 /* Picking.swift */ = {isa = PBXFileReference; lastKnownFileType = sourcecode.swift; path = Picking.swift; sourceTree = "<group>"; };
		B10017 /* PickingTests.swift */ = {isa = PBXFileReference; lastKnownFileType = sourcecode.swift; path = PickingTests.swift; sourceTree = "<group>"; };
		B10018 /* SectionFill.swift */ = {isa = PBXFileReference; lastKnownFileType = sourcecode.swift; path = SectionFill.swift; sourceTree = "<group>"; };
		B10019 /* DrawingView.swift */ = {isa = PBXFileReference; lastKnownFileType = sourcecode.swift; path = DrawingView.swift; sourceTree = "<group>"; };
		B10020 /* TransformTests.swift */ = {isa = PBXFileReference; lastKnownFileType = sourcecode.swift; path = TransformTests.swift; sourceTree = "<group>"; };
		B10021 /* Annotation.swift */ = {isa = PBXFileReference; lastKnownFileType = sourcecode.swift; path = Annotation.swift; sourceTree = "<group>"; };
		B10022 /* AnnotationTests.swift */ = {isa = PBXFileReference; lastKnownFileType = sourcecode.swift; path = AnnotationTests.swift; sourceTree = "<group>"; };
		B10015 /* mmforge_bridge.h */ = {isa = PBXFileReference; lastKnownFileType = sourcecode.c.h; path = mmforge_bridge.h; sourceTree = "<group>"; };
		C10001 /* MMForge.app */ = {isa = PBXFileReference; explicitFileType = wrapper.application; includeInIndex = 0; path = MMForge.app; sourceTree = BUILT_PRODUCTS_DIR; };
		C10002 /* MMForgeTests.xctest */ = {isa = PBXFileReference; explicitFileType = wrapper.cfbundle; includeInIndex = 0; path = MMForgeTests.xctest; sourceTree = BUILT_PRODUCTS_DIR; };
/* End PBXFileReference section */

/* Begin PBXFrameworksBuildPhase section */
		D10001 /* Frameworks */ = {
			isa = PBXFrameworksBuildPhase;
			buildActionMask = 2147483647;
			files = (
			);
			runOnlyForDeploymentPostprocessing = 0;
		};
/* End PBXFrameworksBuildPhase section */

/* Begin PBXGroup section */
		E10001 /* Root */ = {
			isa = PBXGroup;
			children = (
				E10002 /* MMForge */,
				E10011 /* MMForgeTests */,
				E10008 /* Products */,
			);
			sourceTree = "<group>";
		};
		E10002 /* MMForge */ = {
			isa = PBXGroup;
			children = (
				E10003 /* App */,
				E10004 /* Views */,
				E10005 /* Document */,
				E10006 /* Metal */,
				E10007 /* RustBridge */,
				E10009 /* DesignSystem */,
				E10010 /* Resources */,
			);
			path = MMForge;
			sourceTree = "<group>";
		};
		E10003 /* App */ = {
			isa = PBXGroup;
			children = (
				B10001 /* MMForgeApp.swift */,
				B10002 /* AppDelegate.swift */,
			);
			path = App;
			sourceTree = "<group>";
		};
		E10004 /* Views */ = {
			isa = PBXGroup;
			children = (
				B10004 /* ContentView.swift */,
				B10005 /* StructureSidebar.swift */,
				B10006 /* InspectorPanel.swift */,
				B10007 /* ViewportContainer.swift */,
				B10019 /* DrawingView.swift */,
			);
			path = Views;
			sourceTree = "<group>";
		};
		E10005 /* Document */ = {
			isa = PBXGroup;
			children = (
				B10003 /* MMForgeDocument.swift */,
				B10021 /* Annotation.swift */,
			);
			path = Document;
			sourceTree = "<group>";
		};
		E10006 /* Metal */ = {
			isa = PBXGroup;
			children = (
				B10008 /* MetalViewPlaceholder.swift */,
				B10013 /* MetalRenderer.swift */,
				B10014 /* Shaders.metal */,
				B10016 /* Picking.swift */,
				B10018 /* SectionFill.swift */,
			);
			path = Metal;
			sourceTree = "<group>";
		};
		E10007 /* RustBridge */ = {
			isa = PBXGroup;
			children = (
				B10009 /* RustBridge.swift */,
				B10012 /* MMForge-Bridging-Header.h */,
				B10015 /* mmforge_bridge.h */,
			);
			path = RustBridge;
			sourceTree = "<group>";
		};
		E10008 /* Products */ = {
			isa = PBXGroup;
			children = (
				C10001 /* MMForge.app */,
				C10002 /* MMForgeTests.xctest */,
			);
			name = Products;
			sourceTree = "<group>";
		};
		E10009 /* DesignSystem */ = {
			isa = PBXGroup;
			children = (
				B10010 /* Colors.swift */,
			);
			path = DesignSystem;
			sourceTree = "<group>";
		};
		E10010 /* Resources */ = {
			isa = PBXGroup;
			children = (
				B10011 /* Info.plist */,
			);
			path = Resources;
			sourceTree = "<group>";
		};
		E10011 /* MMForgeTests */ = {
			isa = PBXGroup;
			children = (
				B10017 /* PickingTests.swift */,
				B10020 /* TransformTests.swift */,
				B10022 /* AnnotationTests.swift */,
			);
			path = MMForgeTests;
			sourceTree = "<group>";
		};
/* End PBXGroup section */

/* Begin PBXNativeTarget section */
		F10001 /* MMForge */ = {
			isa = PBXNativeTarget;
			buildConfigurationList = F10003 /* Build configuration list for PBXNativeTarget "MMForge" */;
			buildPhases = (
				H10001 /* Build Rust Bridge */,
				F10004 /* Sources */,
				D10001 /* Frameworks */,
			);
			buildRules = (
			);
			dependencies = (
			);
			name = MMForge;
			productName = MMForge;
			productReference = C10001 /* MMForge.app */;
			productType = "com.apple.product-type.application";
		};
		F10006 /* MMForgeTests */ = {
			isa = PBXNativeTarget;
			buildConfigurationList = F10008 /* Build configuration list for PBXNativeTarget "MMForgeTests" */;
			buildPhases = (
				F10007 /* Sources */,
			);
			buildRules = (
			);
			dependencies = (
				F10009 /* PBXTargetDependency */,
			);
			name = MMForgeTests;
			productName = MMForgeTests;
			productReference = C10002 /* MMForgeTests.xctest */;
			productType = "com.apple.product-type.bundle.unit-test";
		};
/* End PBXNativeTarget section */

/* Begin PBXProject section */
		F10002 /* Project object */ = {
			isa = PBXProject;
			attributes = {
				BuildIndependentTargetsInParallel = 1;
				LastSwiftUpdateCheck = 1600;
				LastUpgradeCheck = 1600;
			};
			buildConfigurationList = F10005 /* Build configuration list for PBXProject "MMForge" */;
			compatibilityVersion = "Xcode 14.0";
			developmentRegion = en;
			hasScannedForEncodings = 0;
			knownRegions = (
				en,
				Base,
			);
			mainGroup = E10001 /* Root */;
			productRefGroup = E10008 /* Products */;
			projectDirPath = "";
			projectRoot = "";
			targets = (
				F10001 /* MMForge */,
				F10006 /* MMForgeTests */,
			);
		};
/* End PBXProject section */


/* Begin PBXSourcesBuildPhase section */
		F10004 /* Sources */ = {
			isa = PBXSourcesBuildPhase;
			buildActionMask = 2147483647;
			files = (
				A10001 /* MMForgeApp.swift in Sources */,
				A10002 /* AppDelegate.swift in Sources */,
				A10003 /* MMForgeDocument.swift in Sources */,
				A10004 /* ContentView.swift in Sources */,
				A10005 /* StructureSidebar.swift in Sources */,
				A10006 /* InspectorPanel.swift in Sources */,
				A10007 /* ViewportContainer.swift in Sources */,
				A10016 /* DrawingView.swift in Sources */,
				A10008 /* MetalViewPlaceholder.swift in Sources */,
				A10009 /* RustBridge.swift in Sources */,
				A10010 /* Colors.swift in Sources */,
				A10011 /* MetalRenderer.swift in Sources */,
				A10012 /* Shaders.metal in Sources */,
				A10013 /* Picking.swift in Sources */,
				A10015 /* SectionFill.swift in Sources */,
				A10018 /* Annotation.swift in Sources */,
			);
			runOnlyForDeploymentPostprocessing = 0;
		};
/* End PBXSourcesBuildPhase section */

/* Begin PBXSourcesBuildPhase section */
		F10007 /* Sources */ = {
			isa = PBXSourcesBuildPhase;
			buildActionMask = 2147483647;
			files = (
				A10014 /* PickingTests.swift in Sources */,
				A10017 /* TransformTests.swift in Sources */,
				A10019 /* AnnotationTests.swift in Sources */,
			);
			runOnlyForDeploymentPostprocessing = 0;
		};
/* End PBXSourcesBuildPhase section */

/* Begin PBXTargetDependency section */
		F10009 /* PBXTargetDependency */ = {
			isa = PBXTargetDependency;
			target = F10001 /* MMForge */;
			targetProxy = F1000A /* PBXContainerItemProxy */;
		};
/* End PBXTargetDependency section */

/* Begin PBXContainerItemProxy section */
		F1000A /* PBXContainerItemProxy */ = {
			isa = PBXContainerItemProxy;
			containerPortal = F10002 /* Project object */;
			proxyType = 1;
			remoteGlobalIDString = F10001;
			remoteInfo = MMForge;
		};
/* End PBXContainerItemProxy section */

/* Begin PBXShellScriptBuildPhase section */
		H10001 /* Build Rust Bridge */ = {
			isa = PBXShellScriptBuildPhase;
			alwaysOutOfDate = 1;
			buildActionMask = 2147483647;
			files = (
			);
			inputPaths = (
			);
			name = "Build Rust Bridge";
			outputPaths = (
			);
			runOnlyForDeploymentPostprocessing = 0;
			shellPath = /bin/sh;
			shellScript = "set -euo pipefail\ncd \"${SRCROOT}/..\"\n\n# OCCT paths — override via environment if installed elsewhere.\nexport OCCT_INCLUDE_DIR=\"${OCCT_INCLUDE_DIR:-/opt/homebrew/include/opencascade}\"\nexport OCCT_LIB_DIR=\"${OCCT_LIB_DIR:-/opt/homebrew/lib}\"\nexport OCCT_LIBS=\"TKernel;TKMath;TKG3d;TKBRep;TKTopAlgo;TKGeomAlgo;TKGeomBase;TKShHealing;TKMesh;TKBO;TKBool;TKXSBase;TKDESTEP;TKDEIGES;TKXCAF;TKCAF;TKCDF;TKLCAF;TKStd;TKStdL;TKXmlXCAF;TKService\"\nexport MMFORGE_SHIM_DIR=\"${MMFORGE_SHIM_DIR:-${SRCROOT}/../crates/mmforge-geometry/shim/build}\"\n\n# Fail fast: OCCT include dir must exist.\nif [ ! -d \"${OCCT_INCLUDE_DIR}\" ]; then\necho \"error: OCCT_INCLUDE_DIR='${OCCT_INCLUDE_DIR}' does not exist. Install OpenCASCADE or set OCCT_INCLUDE_DIR.\"\nexit 1\nfi\n\n# Fail fast: OCCT lib dir must exist.\nif [ ! -d \"${OCCT_LIB_DIR}\" ]; then\necho \"error: OCCT_LIB_DIR='${OCCT_LIB_DIR}' does not exist. Install OpenCASCADE or set OCCT_LIB_DIR.\"\nexit 1\nfi\n\n# Fail fast: shim archive must exist.\nif [ ! -f \"${MMFORGE_SHIM_DIR}/libmmforge_occt_shim.a\" ]; then\necho \"error: libmmforge_occt_shim.a not found at '${MMFORGE_SHIM_DIR}'. Build the shim first:\"\necho \"  cd crates/mmforge-geometry/shim && mkdir build && cd build && cmake .. && cmake --build .\"\nexit 1\nfi\n\necho \"Building mmforge-bridge with OCCT support.\"\necho \"  OCCT_INCLUDE_DIR=${OCCT_INCLUDE_DIR}\"\necho \"  OCCT_LIB_DIR=${OCCT_LIB_DIR}\"\necho \"  MMFORGE_SHIM_DIR=${MMFORGE_SHIM_DIR}\"\n\ncargo build --release -p mmforge-bridge --features occt 2>&1\ncp target/release/libmmforge_bridge.a \"${BUILT_PRODUCTS_DIR}/\"\n";
		};
/* End PBXShellScriptBuildPhase section */

/* Begin XCBuildConfiguration section */
		G10001 /* Debug */ = {
			isa = XCBuildConfiguration;
			buildSettings = {
				ALWAYS_SEARCH_USER_PATHS = NO;
				ASSETCATALOG_COMPILER_GENERATE_SWIFT_ASSET_SYMBOL_EXTENSIONS = YES;
				CLANG_ANALYZER_NONNULL = YES;
				CLANG_CXX_LANGUAGE_STANDARD = "gnu++20";
				CLANG_ENABLE_MODULES = YES;
				CLANG_ENABLE_OBJC_ARC = YES;
				COPY_PHASE_STRIP = NO;
				DEBUG_INFORMATION_FORMAT = dwarf;
				ENABLE_STRICT_OBJC_MSGSEND = YES;
				ENABLE_TESTABILITY = YES;
				GCC_DYNAMIC_NO_PIC = NO;
				GCC_OPTIMIZATION_LEVEL = 0;
				GCC_PREPROCESSOR_DEFINITIONS = (
					"DEBUG=1",
					"$(inherited)",
				);
				GCC_WARN_ABOUT_RETURN_TYPE = YES_ERROR;
				GCC_WARN_UNINITIALIZED_AUTOS = YES_AGGRESSIVE;
				MACOSX_DEPLOYMENT_TARGET = 26.0;
				MTL_ENABLE_DEBUG_INFO = INCLUDE_SOURCE;
				ONLY_ACTIVE_ARCH = YES;
				SDKROOT = macosx;
				SWIFT_ACTIVE_COMPILATION_CONDITIONS = "DEBUG $(inherited)";
				SWIFT_OPTIMIZATION_LEVEL = "-Onone";
			};
			name = Debug;
		};
		G10002 /* Release */ = {
			isa = XCBuildConfiguration;
			buildSettings = {
				ALWAYS_SEARCH_USER_PATHS = NO;
				ASSETCATALOG_COMPILER_GENERATE_SWIFT_ASSET_SYMBOL_EXTENSIONS = YES;
				CLANG_ANALYZER_NONNULL = YES;
				CLANG_CXX_LANGUAGE_STANDARD = "gnu++20";
				CLANG_ENABLE_MODULES = YES;
				CLANG_ENABLE_OBJC_ARC = YES;
				COPY_PHASE_STRIP = NO;
				DEBUG_INFORMATION_FORMAT = "dwarf-with-dsym";
				ENABLE_NS_ASSERTIONS = NO;
				ENABLE_STRICT_OBJC_MSGSEND = YES;
				GCC_WARN_ABOUT_RETURN_TYPE = YES_ERROR;
				GCC_WARN_UNINITIALIZED_AUTOS = YES_AGGRESSIVE;
				MACOSX_DEPLOYMENT_TARGET = 26.0;
				MTL_ENABLE_DEBUG_INFO = NO;
				SDKROOT = macosx;
				SWIFT_COMPILATION_MODE = wholemodule;
			};
			name = Release;
		};
		G10003 /* Debug */ = {
			isa = XCBuildConfiguration;
			buildSettings = {
				CODE_SIGN_ENTITLEMENTS = "";
				CODE_SIGN_STYLE = Automatic;
				COMBINE_HIDPI_IMAGES = YES;
				CURRENT_PROJECT_VERSION = 1;
				GENERATE_INFOPLIST_FILE = NO;
				INFOPLIST_FILE = MMForge/Resources/Info.plist;
				INFOPLIST_KEY_NSHumanReadableCopyright = "Copyright © 2026 MMForge Contributors. MIT OR Apache-2.0.";
				INFOPLIST_KEY_NSMainStoryboardFile = "";
				LD_RUNPATH_SEARCH_PATHS = (
					"$(inherited)",
					"@executable_path/../Frameworks",
				);
				LIBRARY_SEARCH_PATHS = (
					"$(inherited)",
					"$(BUILT_PRODUCTS_DIR)",
					"/opt/homebrew/lib",
				);
				MARKETING_VERSION = 0.1.0;
				OTHER_LDFLAGS = (
					"$(inherited)",
					"-lmmforge_bridge",
					"-lc++",
					"-lTKernel",
					"-lTKMath",
					"-lTKG3d",
					"-lTKBRep",
					"-lTKTopAlgo",
					"-lTKGeomAlgo",
					"-lTKGeomBase",
					"-lTKShHealing",
					"-lTKMesh",
					"-lTKBO",
					"-lTKBool",
					"-lTKXSBase",
					"-lTKDESTEP",
					"-lTKDEIGES",
					"-lTKXCAF",
					"-lTKCAF",
					"-lTKCDF",
					"-lTKLCAF",
					"-lTKStd",
					"-lTKStdL",
					"-lTKXmlXCAF",
					"-lTKService",
				);
				PRODUCT_BUNDLE_IDENTIFIER = com.mmforge.app;
				PRODUCT_NAME = "$(TARGET_NAME)";
				SWIFT_EMIT_LOC_STRINGS = YES;
				SWIFT_OBJC_BRIDGING_HEADER = "MMForge/RustBridge/MMForge-Bridging-Header.h";
				SWIFT_VERSION = 5.0;
			};
			name = Debug;
		};
		G10004 /* Release */ = {
			isa = XCBuildConfiguration;
			buildSettings = {
				CODE_SIGN_ENTITLEMENTS = "";
				CODE_SIGN_STYLE = Automatic;
				COMBINE_HIDPI_IMAGES = YES;
				CURRENT_PROJECT_VERSION = 1;
				GENERATE_INFOPLIST_FILE = NO;
				INFOPLIST_FILE = MMForge/Resources/Info.plist;
				INFOPLIST_KEY_NSHumanReadableCopyright = "Copyright © 2026 MMForge Contributors. MIT OR Apache-2.0.";
				INFOPLIST_KEY_NSMainStoryboardFile = "";
				LD_RUNPATH_SEARCH_PATHS = (
					"$(inherited)",
					"@executable_path/../Frameworks",
				);
				LIBRARY_SEARCH_PATHS = (
					"$(inherited)",
					"$(BUILT_PRODUCTS_DIR)",
					"/opt/homebrew/lib",
				);
				MARKETING_VERSION = 0.1.0;
				OTHER_LDFLAGS = (
					"$(inherited)",
					"-lmmforge_bridge",
					"-lc++",
					"-lTKernel",
					"-lTKMath",
					"-lTKG3d",
					"-lTKBRep",
					"-lTKTopAlgo",
					"-lTKGeomAlgo",
					"-lTKGeomBase",
					"-lTKShHealing",
					"-lTKMesh",
					"-lTKBO",
					"-lTKBool",
					"-lTKXSBase",
					"-lTKDESTEP",
					"-lTKDEIGES",
					"-lTKXCAF",
					"-lTKCAF",
					"-lTKCDF",
					"-lTKLCAF",
					"-lTKStd",
					"-lTKStdL",
					"-lTKXmlXCAF",
					"-lTKService",
				);
				PRODUCT_BUNDLE_IDENTIFIER = com.mmforge.app;
				PRODUCT_NAME = "$(TARGET_NAME)";
				SWIFT_EMIT_LOC_STRINGS = YES;
				SWIFT_OBJC_BRIDGING_HEADER = "MMForge/RustBridge/MMForge-Bridging-Header.h";
				SWIFT_VERSION = 5.0;
			};
			name = Release;
		};
/* End XCBuildConfiguration section */

/* Begin XCBuildConfiguration section */
		G10005 /* Debug */ = {
			isa = XCBuildConfiguration;
			buildSettings = {
				BUNDLE_LOADER = "$(TEST_HOST)";
				CODE_SIGN_STYLE = Automatic;
				COMBINE_HIDPI_IMAGES = YES;
				CURRENT_PROJECT_VERSION = 1;
				GENERATE_INFOPLIST_FILE = YES;
				MARKETING_VERSION = 0.1.0;
				PRODUCT_BUNDLE_IDENTIFIER = com.mmforge.tests;
				PRODUCT_NAME = "$(TARGET_NAME)";
				SWIFT_EMIT_LOC_STRINGS = NO;
				SWIFT_VERSION = 5.0;
				TEST_HOST = "$(BUILT_PRODUCTS_DIR)/MMForge.app/Contents/MacOS/MMForge";
			};
			name = Debug;
		};
		G10006 /* Release */ = {
			isa = XCBuildConfiguration;
			buildSettings = {
				BUNDLE_LOADER = "$(TEST_HOST)";
				CODE_SIGN_STYLE = Automatic;
				COMBINE_HIDPI_IMAGES = YES;
				CURRENT_PROJECT_VERSION = 1;
				GENERATE_INFOPLIST_FILE = YES;
				MARKETING_VERSION = 0.1.0;
				PRODUCT_BUNDLE_IDENTIFIER = com.mmforge.tests;
				PRODUCT_NAME = "$(TARGET_NAME)";
				SWIFT_EMIT_LOC_STRINGS = NO;
				SWIFT_VERSION = 5.0;
				TEST_HOST = "$(BUILT_PRODUCTS_DIR)/MMForge.app/Contents/MacOS/MMForge";
			};
			name = Release;
		};
/* End XCBuildConfiguration section */

/* Begin XCConfigurationList section */
		F10003 /* Build configuration list for PBXNativeTarget "MMForge" */ = {
			isa = XCConfigurationList;
			buildConfigurations = (
				G10003 /* Debug */,
				G10004 /* Release */,
			);
			defaultConfigurationIsVisible = 0;
			defaultConfigurationName = Release;
		};
		F10005 /* Build configuration list for PBXProject "MMForge" */ = {
			isa = XCConfigurationList;
			buildConfigurations = (
				G10001 /* Debug */,
				G10002 /* Release */,
			);
			defaultConfigurationIsVisible = 0;
			defaultConfigurationName = Release;
		};
		F10008 /* Build configuration list for PBXNativeTarget "MMForgeTests" */ = {
			isa = XCConfigurationList;
			buildConfigurations = (
				G10005 /* Debug */,
				G10006 /* Release */,
			);
			defaultConfigurationIsVisible = 0;
			defaultConfigurationName = Release;
		};
/* End XCConfigurationList section */

	};
	rootObject = F10002 /* Project object */;
}
